// !$*UTF8*$!
{
	archiveVersion = 1;
	classes = {
	};
	objectVersion = 50;
	objects = {

/* Begin PBXBuildFile section */
		4EB4C9E320C955CD00278C53 /* AppDelegate.swift in Sources */ = {isa = PBXBuildFile; fileRef = 4EB4C9E220C955CD00278C53 /* AppDelegate.swift */; };
		4EB4C9E520C955CD00278C53 /* SignInVC.swift in Sources */ = {isa = PBXBuildFile; fileRef = 4EB4C9E420C955CD00278C53 /* SignInVC.swift */; };
		4EB4C9E820C955CD00278C53 /* Main.storyboard in Resources */ = {isa = PBXBuildFile; fileRef = 4EB4C9E620C955CD00278C53 /* Main.storyboard */; };
		4EB4C9EA20C955EB00278C53 /* Assets.xcassets in Resources */ = {isa = PBXBuildFile; fileRef = 4EB4C9E920C955EB00278C53 /* Assets.xcassets */; };
		4EB4C9ED20C955EB00278C53 /* LaunchScreen.storyboard in Resources */ = {isa = PBXBuildFile; fileRef = 4EB4C9EB20C955EB00278C53 /* LaunchScreen.storyboard */; };
		4EB4C9F520C9567D00278C53 /* GoogleService-Info.plist in Resources */ = {isa = PBXBuildFile; fileRef = 4EB4C9F420C9567D00278C53 /* GoogleService-Info.plist */; };
		9F9C9C9FE9A3939D528A1BB9 /* Pods_alper_social.framework in Frameworks */ = {isa = PBXBuildFile; fileRef = 1E9B0CC964373D73D93AD148 /* Pods_alper_social.framework */; };
/* End PBXBuildFile section */

/* Begin PBXFileReference section */
		1E9B0CC964373D73D93AD148 /* Pods_alper_social.framework */ = {isa = PBXFileReference; explicitFileType = wrapper.framework; includeInIndex = 0; path = Pods_alper_social.framework; sourceTree = BUILT_PRODUCTS_DIR; };
		4EB4C9DF20C955CD00278C53 /* alper-social.app */ = {isa = PBXFileReference; explicitFileType = wrapper.application; includeInIndex = 0; path = "alper-social.app"; sourceTree = BUILT_PRODUCTS_DIR; };
		4EB4C9E220C955CD00278C53 /* AppDelegate.swift */ = {isa = PBXFileReference; lastKnownFileType = sourcecode.swift; path = AppDelegate.swift; sourceTree = "<group>"; };
		4EB4C9E420C955CD00278C53 /* SignInVC.swift */ = {isa = PBXFileReference; lastKnownFileType = sourcecode.swift; path = SignInVC.swift; sourceTree = "<group>"; };
		4EB4C9E720C955CD00278C53 /* Base */ = {isa = PBXFileReference; lastKnownFileType = file.storyboard; name = Base; path = Base.lproj/Main.storyboard; sourceTree = "<group>"; };
		4EB4C9E920C955EB00278C53 /* Assets.xcassets */ = {isa = PBXFileReference; lastKnownFileType = folder.assetcatalog; path = Assets.xcassets; sourceTree = "<group>"; };
		4EB4C9EC20C955EB00278C53 /* Base */ = {isa = PBXFileReference; lastKnownFileType = file.storyboard; name = Base; path = Base.lproj/LaunchScreen.storyboard; sourceTree = "<group>"; };
		4EB4C9EE20C955EB00278C53 /* Info.plist */ = {isa = PBXFileReference; lastKnownFileType = text.plist.xml; path = Info.plist; sourceTree = "<group>"; };
		4EB4C9F420C9567D00278C53 /* GoogleService-Info.plist */ = {isa = PBXFileReference; fileEncoding = 4; lastKnownFileType = text.plist.xml; path = "GoogleService-Info.plist"; sourceTree = "<group>"; };
		7F8CD116C4E9C81A98FB251D /* Pods-alper-social.release.xcconfig */ = {isa = PBXFileReference; includeInIndex = 1; lastKnownFileType = text.xcconfig; name = "Pods-alper-social.release.xcconfig"; path = "Pods/Target Support Files/Pods-alper-social/Pods-alper-social.release.xcconfig"; sourceTree = "<group>"; };
		A6DED336751EEA68BFE1DCDB /* Pods-alper-social.debug.xcconfig */ = {isa = PBXFileReference; includeInIndex = 1; lastKnownFileType = text.xcconfig; name = "Pods-alper-social.debug.xcconfig"; path = "Pods/Target Support Files/Pods-alper-social/Pods-alper-social.debug.xcconfig"; sourceTree = "<group>"; };
/* End PBXFileReference section */

/* Begin PBXFrameworksBuildPhase section */
		4EB4C9DC20C955CD00278C53 /* Frameworks */ = {
			isa = PBXFrameworksBuildPhase;
			buildActionMask = 2147483647;
			files = (
				9F9C9C9FE9A3939D528A1BB9 /* Pods_alper_social.framework in Frameworks */,
			);
			runOnlyForDeploymentPostprocessing = 0;
		};
/* End PBXFrameworksBuildPhase section */

/* Begin PBXGroup section */
		4EB4C9D620C955CD00278C53 = {
			isa = PBXGroup;
			children = (
				4EB4C9E120C955CD00278C53 /* alper-social */,
				4EB4C9E020C955CD00278C53 /* Products */,
				CC423C9D13734B682B975E58 /* Pods */,
				566F7F3BBD090546FD6DE779 /* Frameworks */,
			);
			sourceTree = "<group>";
		};
		4EB4C9E020C955CD00278C53 /* Products */ = {
			isa = PBXGroup;
			children = (
				4EB4C9DF20C955CD00278C53 /* alper-social.app */,
			);
			name = Products;
			sourceTree = "<group>";
		};
		4EB4C9E120C955CD00278C53 /* alper-social */ = {
			isa = PBXGroup;
			children = (
				4EB4C9F820C95A7A00278C53 /* Controller */,
				4EB4C9F720C95A7500278C53 /* View */,
				4EB4C9F620C95A6B00278C53 /* Model */,
				4EB4C9F920C95A8200278C53 /* Supporting Files */,
				4EB4C9E620C955CD00278C53 /* Main.storyboard */,
				4EB4C9EE20C955EB00278C53 /* Info.plist */,
				4EB4C9F420C9567D00278C53 /* GoogleService-Info.plist */,
			);
			path = "alper-social";
			sourceTree = "<group>";
		};
		4EB4C9F620C95A6B00278C53 /* Model */ = {
			isa = PBXGroup;
			children = (
			);
			path = Model;
			sourceTree = "<group>";
		};
		4EB4C9F720C95A7500278C53 /* View */ = {
			isa = PBXGroup;
			children = (
			);
			path = View;
			sourceTree = "<group>";
		};
		4EB4C9F820C95A7A00278C53 /* Controller */ = {
			isa = PBXGroup;
			children = (
				4EB4C9E420C955CD00278C53 /* SignInVC.swift */,
			);
			path = Controller;
			sourceTree = "<group>";
		};
		4EB4C9F920C95A8200278C53 /* Supporting Files */ = {
			isa = PBXGroup;
			children = (
				4EB4C9E220C955CD00278C53 /* AppDelegate.swift */,
				4EB4C9E920C955EB00278C53 /* Assets.xcassets */,
				4EB4C9EB20C955EB00278C53 /* LaunchScreen.storyboard */,
			);
			path = "Supporting Files";
			sourceTree = "<group>";
		};
		566F7F3BBD090546FD6DE779 /* Frameworks */ = {
			isa = PBXGroup;
			children = (
				1E9B0CC964373D73D93AD148 /* Pods_alper_social.framework */,
			);
			name = Frameworks;
			sourceTree = "<group>";
		};
		CC423C9D13734B682B975E58 /* Pods */ = {
			isa = PBXGroup;
			children = (
				A6DED336751EEA68BFE1DCDB /* Pods-alper-social.debug.xcconfig */,
				7F8CD116C4E9C81A98FB251D /* Pods-alper-social.release.xcconfig */,
			);
			name = Pods;
			sourceTree = "<group>";
		};
/* End PBXGroup section */

/* Begin PBXNativeTarget section */
		4EB4C9DE20C955CD00278C53 /* alper-social */ = {
			isa = PBXNativeTarget;
			buildConfigurationList = 4EB4C9F120C955EB00278C53 /* Build configuration list for PBXNativeTarget "alper-social" */;
			buildPhases = (
				8C10F3A087EE6DFC5ADB4B07 /* [CP] Check Pods Manifest.lock */,
				4EB4C9DB20C955CD00278C53 /* Sources */,
				4EB4C9DC20C955CD00278C53 /* Frameworks */,
				4EB4C9DD20C955CD00278C53 /* Resources */,
				34D53E74B67D9DE6BAA7B9D3 /* [CP] Embed Pods Frameworks */,
			);
			buildRules = (
			);
			dependencies = (
			);
			name = "alper-social";
			productName = "alper-social";
			productReference = 4EB4C9DF20C955CD00278C53 /* alper-social.app */;
			productType = "com.apple.product-type.application";
		};
/* End PBXNativeTarget section */

/* Begin PBXProject section */
		4EB4C9D720C955CD00278C53 /* Project object */ = {
			isa = PBXProject;
			attributes = {
				LastSwiftUpdateCheck = 0930;
				LastUpgradeCheck = 0930;
				ORGANIZATIONNAME = Alper;
				TargetAttributes = {
					4EB4C9DE20C955CD00278C53 = {
						CreatedOnToolsVersion = 9.3.1;
					};
				};
			};
			buildConfigurationList = 4EB4C9DA20C955CD00278C53 /* Build configuration list for PBXProject "alper-social" */;
			compatibilityVersion = "Xcode 9.3";
			developmentRegion = en;
			hasScannedForEncodings = 0;
			knownRegions = (
				en,
				Base,
			);
			mainGroup = 4EB4C9D620C955CD00278C53;
			productRefGroup = 4EB4C9E020C955CD00278C53 /* Products */;
			projectDirPath = "";
			projectRoot = "";
			targets = (
				4EB4C9DE20C955CD00278C53 /* alper-social */,
			);
		};
/* End PBXProject section */

/* Begin PBXResourcesBuildPhase section */
		4EB4C9DD20C955CD00278C53 /* Resources */ = {
			isa = PBXResourcesBuildPhase;
			buildActionMask = 2147483647;
			files = (
				4EB4C9ED20C955EB00278C53 /* LaunchScreen.storyboard in Resources */,
				4EB4C9F520C9567D00278C53 /* GoogleService-Info.plist in Resources */,
				4EB4C9EA20C955EB00278C53 /* Assets.xcassets in Resources */,
				4EB4C9E820C955CD00278C53 /* Main.storyboard in Resources */,
			);
			runOnlyForDeploymentPostprocessing = 0;
		};
/* End PBXResourcesBuildPhase section */

/* Begin PBXShellScriptBuildPhase section */
		34D53E74B67D9DE6BAA7B9D3 /* [CP] Embed Pods Frameworks */ = {
			isa = PBXShellScriptBuildPhase;
			buildActionMask = 2147483647;
			files = (
			);
			inputPaths = (
				"${SRCROOT}/Pods/Target Support Files/Pods-alper-social/Pods-alper-social-frameworks.sh",
				"${BUILT_PRODUCTS_DIR}/GTMSessionFetcher/GTMSessionFetcher.framework",
				"${BUILT_PRODUCTS_DIR}/GoogleToolboxForMac/GoogleToolboxForMac.framework",
				"${BUILT_PRODUCTS_DIR}/leveldb-library/leveldb.framework",
				"${BUILT_PRODUCTS_DIR}/nanopb/nanopb.framework",
			);
			name = "[CP] Embed Pods Frameworks";
			outputPaths = (
				"${TARGET_BUILD_DIR}/${FRAMEWORKS_FOLDER_PATH}/GTMSessionFetcher.framework",
				"${TARGET_BUILD_DIR}/${FRAMEWORKS_FOLDER_PATH}/GoogleToolboxForMac.framework",
				"${TARGET_BUILD_DIR}/${FRAMEWORKS_FOLDER_PATH}/leveldb.framework",
				"${TARGET_BUILD_DIR}/${FRAMEWORKS_FOLDER_PATH}/nanopb.framework",
			);
			runOnlyForDeploymentPostprocessing = 0;
			shellPath = /bin/sh;
			shellScript = "\"${SRCROOT}/Pods/Target Support Files/Pods-alper-social/Pods-alper-social-frameworks.sh\"\n";
			showEnvVarsInLog = 0;
		};
		8C10F3A087EE6DFC5ADB4B07 /* [CP] Check Pods Manifest.lock */ = {
			isa = PBXShellScriptBuildPhase;
			buildActionMask = 2147483647;
			files = (
			);
			inputPaths = (
				"${PODS_PODFILE_DIR_PATH}/Podfile.lock",
				"${PODS_ROOT}/Manifest.lock",
			);
			name = "[CP] Check Pods Manifest.lock";
			outputPaths = (
				"$(DERIVED_FILE_DIR)/Pods-alper-social-checkManifestLockResult.txt",
			);
			runOnlyForDeploymentPostprocessing = 0;
			shellPath = /bin/sh;
			shellScript = "diff \"${PODS_PODFILE_DIR_PATH}/Podfile.lock\" \"${PODS_ROOT}/Manifest.lock\" > /dev/null\nif [ $? != 0 ] ; then\n    # print error to STDERR\n    echo \"error: The sandbox is not in sync with the Podfile.lock. Run 'pod install' or update your CocoaPods installation.\" >&2\n    exit 1\nfi\n# This output is used by Xcode 'outputs' to avoid re-running this script phase.\necho \"SUCCESS\" > \"${SCRIPT_OUTPUT_FILE_0}\"\n";
			showEnvVarsInLog = 0;
		};
/* End PBXShellScriptBuildPhase section */

/* Begin PBXSourcesBuildPhase section */
		4EB4C9DB20C955CD00278C53 /* Sources */ = {
			isa = PBXSourcesBuildPhase;
			buildActionMask = 2147483647;
			files = (
				4EB4C9E520C955CD00278C53 /* SignInVC.swift in Sources */,
				4EB4C9E320C955CD00278C53 /* AppDelegate.swift in Sources */,
			);
			runOnlyForDeploymentPostprocessing = 0;
		};
/* End PBXSourcesBuildPhase section */

/* Begin PBXVariantGroup section */
		4EB4C9E620C955CD00278C53 /* Main.storyboard */ = {
			isa = PBXVariantGroup;
			children = (
				4EB4C9E720C955CD00278C53 /* Base */,
			);
			name = Main.storyboard;
			sourceTree = "<group>";
		};
		4EB4C9EB20C955EB00278C53 /* LaunchScreen.storyboard */ = {
			isa = PBXVariantGroup;
			children = (
				4EB4C9EC20C955EB00278C53 /* Base */,
			);
			name = LaunchScreen.storyboard;
			sourceTree = "<group>";
		};
/* End PBXVariantGroup section */

/* Begin XCBuildConfiguration section */
		4EB4C9EF20C955EB00278C53 /* Debug */ = {
			isa = XCBuildConfiguration;
			buildSettings = {
				ALWAYS_SEARCH_USER_PATHS = NO;
				CLANG_ANALYZER_NONNULL = YES;
				CLANG_ANALYZER_NUMBER_OBJECT_CONVERSION = YES_AGGRESSIVE;
				CLANG_CXX_LANGUAGE_STANDARD = "gnu++14";
				CLANG_CXX_LIBRARY = "libc++";
				CLANG_ENABLE_MODULES = YES;
				CLANG_ENABLE_OBJC_ARC = YES;
				CLANG_ENABLE_OBJC_WEAK = YES;
				CLANG_WARN_BLOCK_CAPTURE_AUTORELEASING = YES;
				CLANG_WARN_BOOL_CONVERSION = YES;
				CLANG_WARN_COMMA = YES;
				CLANG_WARN_CONSTANT_CONVERSION = YES;
				CLANG_WARN_DEPRECATED_OBJC_IMPLEMENTATIONS = YES;
				CLANG_WARN_DIRECT_OBJC_ISA_USAGE = YES_ERROR;
				CLANG_WARN_DOCUMENTATION_COMMENTS = YES;
				CLANG_WARN_EMPTY_BODY = YES;
				CLANG_WARN_ENUM_CONVERSION = YES;
				CLANG_WARN_INFINITE_RECURSION = YES;
				CLANG_WARN_INT_CONVERSION = YES;
				CLANG_WARN_NON_LITERAL_NULL_CONVERSION = YES;
				CLANG_WARN_OBJC_IMPLICIT_RETAIN_SELF = YES;
				CLANG_WARN_OBJC_LITERAL_CONVERSION = YES;
				CLANG_WARN_OBJC_ROOT_CLASS = YES_ERROR;
				CLANG_WARN_RANGE_LOOP_ANALYSIS = YES;
				CLANG_WARN_STRICT_PROTOTYPES = YES;
				CLANG_WARN_SUSPICIOUS_MOVE = YES;
				CLANG_WARN_UNGUARDED_AVAILABILITY = YES_AGGRESSIVE;
				CLANG_WARN_UNREACHABLE_CODE = YES;
				CLANG_WARN__DUPLICATE_METHOD_MATCH = YES;
				CODE_SIGN_IDENTITY = "iPhone Developer";
				COPY_PHASE_STRIP = NO;
				DEBUG_INFORMATION_FORMAT = dwarf;
				ENABLE_STRICT_OBJC_MSGSEND = YES;
				ENABLE_TESTABILITY = YES;
				GCC_C_LANGUAGE_STANDARD = gnu11;
				GCC_DYNAMIC_NO_PIC = NO;
				GCC_NO_COMMON_BLOCKS = YES;
				GCC_OPTIMIZATION_LEVEL = 0;
				GCC_PREPROCESSOR_DEFINITIONS = (
					"DEBUG=1",
					"$(inherited)",
				);
				GCC_WARN_64_TO_32_BIT_CONVERSION = YES;
				GCC_WARN_ABOUT_RETURN_TYPE = YES_ERROR;
				GCC_WARN_UNDECLARED_SELECTOR = YES;
				GCC_WARN_UNINITIALIZED_AUTOS = YES_AGGRESSIVE;
				GCC_WARN_UNUSED_FUNCTION = YES;
				GCC_WARN_UNUSED_VARIABLE = YES;
				IPHONEOS_DEPLOYMENT_TARGET = 11.3;
				MTL_ENABLE_DEBUG_INFO = YES;
				ONLY_ACTIVE_ARCH = YES;
				SDKROOT = iphoneos;
				SWIFT_ACTIVE_COMPILATION_CONDITIONS = DEBUG;
				SWIFT_OPTIMIZATION_LEVEL = "-Onone";
			};
			name = Debug;
		};
		4EB4C9F020C955EB00278C53 /* Release */ = {
			isa = XCBuildConfiguration;
			buildSettings = {
				ALWAYS_SEARCH_USER_PATHS = NO;
				CLANG_ANALYZER_NONNULL = YES;
				CLANG_ANALYZER_NUMBER_OBJECT_CONVERSION = YES_AGGRESSIVE;
				CLANG_CXX_LANGUAGE_STANDARD = "gnu++14";
				CLANG_CXX_LIBRARY = "libc++";
				CLANG_ENABLE_MODULES = YES;
				CLANG_ENABLE_OBJC_ARC = YES;
				CLANG_ENABLE_OBJC_WEAK = YES;
				CLANG_WARN_BLOCK_CAPTURE_AUTORELEASING = YES;
				CLANG_WARN_BOOL_CONVERSION = YES;
				CLANG_WARN_COMMA = YES;
				CLANG_WARN_CONSTANT_CONVERSION = YES;
				CLANG_WARN_DEPRECATED_OBJC_IMPLEMENTATIONS = YES;
				CLANG_WARN_DIRECT_OBJC_ISA_USAGE = YES_ERROR;
				CLANG_WARN_DOCUMENTATION_COMMENTS = YES;
				CLANG_WARN_EMPTY_BODY = YES;
				CLANG_WARN_ENUM_CONVERSION = YES;
				CLANG_WARN_INFINITE_RECURSION = YES;
				CLANG_WARN_INT_CONVERSION = YES;
				CLANG_WARN_NON_LITERAL_NULL_CONVERSION = YES;
				CLANG_WARN_OBJC_IMPLICIT_RETAIN_SELF = YES;
				CLANG_WARN_OBJC_LITERAL_CONVERSION = YES;
				CLANG_WARN_OBJC_ROOT_CLASS = YES_ERROR;
				CLANG_WARN_RANGE_LOOP_ANALYSIS = YES;
				CLANG_WARN_STRICT_PROTOTYPES = YES;
				CLANG_WARN_SUSPICIOUS_MOVE = YES;
				CLANG_WARN_UNGUARDED_AVAILABILITY = YES_AGGRESSIVE;
				CLANG_WARN_UNREACHABLE_CODE = YES;
				CLANG_WARN__DUPLICATE_METHOD_MATCH = YES;
				CODE_SIGN_IDENTITY = "iPhone Developer";
				COPY_PHASE_STRIP = NO;
				DEBUG_INFORMATION_FORMAT = "dwarf-with-dsym";
				ENABLE_NS_ASSERTIONS = NO;
				ENABLE_STRICT_OBJC_MSGSEND = YES;
				GCC_C_LANGUAGE_STANDARD = gnu11;
				GCC_NO_COMMON_BLOCKS = YES;
				GCC_WARN_64_TO_32_BIT_CONVERSION = YES;
				GCC_WARN_ABOUT_RETURN_TYPE = YES_ERROR;
				GCC_WARN_UNDECLARED_SELECTOR = YES;
				GCC_WARN_UNINITIALIZED_AUTOS = YES_AGGRESSIVE;
				GCC_WARN_UNUSED_FUNCTION = YES;
				GCC_WARN_UNUSED_VARIABLE = YES;
				IPHONEOS_DEPLOYMENT_TARGET = 11.3;
				MTL_ENABLE_DEBUG_INFO = NO;
				SDKROOT = iphoneos;
				SWIFT_COMPILATION_MODE = wholemodule;
				SWIFT_OPTIMIZATION_LEVEL = "-O";
				VALIDATE_PRODUCT = YES;
			};
			name = Release;
		};
		4EB4C9F220C955EB00278C53 /* Debug */ = {
			isa = XCBuildConfiguration;
			baseConfigurationReference = A6DED336751EEA68BFE1DCDB /* Pods-alper-social.debug.xcconfig */;
			buildSettings = {
				ASSETCATALOG_COMPILER_APPICON_NAME = AppIcon;
				CODE_SIGN_STYLE = Automatic;
				DEVELOPMENT_TEAM = BXLJ3EBPHP;
				INFOPLIST_FILE = "alper-social/Info.plist";
				LD_RUNPATH_SEARCH_PATHS = (
					"$(inherited)",
					"@executable_path/Frameworks",
				);
				PRODUCT_BUNDLE_IDENTIFIER = "com.alperalanyali.alper-social";
				PRODUCT_NAME = "$(TARGET_NAME)";
				SWIFT_VERSION = 4.0;
				TARGETED_DEVICE_FAMILY = "1,2";
			};
			name = Debug;
		};
		4EB4C9F320C955EB00278C53 /* Release */ = {
			isa = XCBuildConfiguration;
			baseConfigurationReference = 7F8CD116C4E9C81A98FB251D /* Pods-alper-social.release.xcconfig */;
			buildSettings = {
				ASSETCATALOG_COMPILER_APPICON_NAME = AppIcon;
				CODE_SIGN_STYLE = Automatic;
				DEVELOPMENT_TEAM = BXLJ3EBPHP;
				INFOPLIST_FILE = "alper-social/Info.plist";
				LD_RUNPATH_SEARCH_PATHS = (
					"$(inherited)",
					"@executable_path/Frameworks",
				);
				PRODUCT_BUNDLE_IDENTIFIER = "com.alperalanyali.alper-social";
				PRODUCT_NAME = "$(TARGET_NAME)";
				SWIFT_VERSION = 4.0;
				TARGETED_DEVICE_FAMILY = "1,2";
			};
			name = Release;
		};
/* End XCBuildConfiguration section */

/* Begin XCConfigurationList section */
		4EB4C9DA20C955CD00278C53 /* Build configuration list for PBXProject "alper-social" */ = {
			isa = XCConfigurationList;
			buildConfigurations = (
				4EB4C9EF20C955EB00278C53 /* Debug */,
				4EB4C9F020C955EB00278C53 /* Release */,
			);
			defaultConfigurationIsVisible = 0;
			defaultConfigurationName = Release;
		};
		4EB4C9F120C955EB00278C53 /* Build configuration list for PBXNativeTarget "alper-social" */ = {
			isa = XCConfigurationList;
			buildConfigurations = (
				4EB4C9F220C955EB00278C53 /* Debug */,
				4EB4C9F320C955EB00278C53 /* Release */,
			);
			defaultConfigurationIsVisible = 0;
			defaultConfigurationName = Release;
		};
/* End XCConfigurationList section */
	};
	rootObject = 4EB4C9D720C955CD00278C53 /* Project object */;
}
